
Microsoft Visual Studio Solution File, Format Version 12.00
# Visual Studio Version 16
VisualStudioVersion = 16.0.31424.327
MinimumVisualStudioVersion = 10.0.40219.1
Project("{FAE04EC0-301F-11D3-BF4B-00C04F79EFBC}") = "MongoDB-NetCore-API", "MongoDB-NetCore-API\MongoDB-NetCore-API.csproj", "{230597CC-6F84-4CE6-853E-4C5A79919E4F}"
EndProject
Global
	GlobalSection(SolutionConfigurationPlatforms) = preSolution
		Debug|Any CPU = Debug|Any CPU
		Release|Any CPU = Release|Any CPU
	EndGlobalSection
	GlobalSection(ProjectConfigurationPlatforms) = postSolution
		{230597CC-6F84-4CE6-853E-4C5A79919E4F}.Debug|Any CPU.ActiveCfg = Debug|Any CPU
		{230597CC-6F84-4CE6-853E-4C5A79919E4F}.Debug|Any CPU.Build.0 = Debug|Any CPU
		{230597CC-6F84-4CE6-853E-4C5A79919E4F}.Release|Any CPU.ActiveCfg = Release|Any CPU
		{230597CC-6F84-4CE6-853E-4C5A79919E4F}.Release|Any CPU.Build.0 = Release|Any CPU
	EndGlobalSection
	GlobalSection(SolutionProperties) = preSolution
		HideSolutionNode = FALSE
	EndGlobalSection
	GlobalSection(ExtensibilityGlobals) = postSolution
		SolutionGuid = {3BF59751-12FD-4102-A513-5C8A7BF0C088}
	EndGlobalSection
EndGlobal
